// !$*UTF8*$!
{
	archiveVersion = 1;
	classes = {
	};
	objectVersion = 56;
	objects = {

/* Begin PBXBuildFile section */
		9C9C837829E8B384002110F6 /* BaseballPlayerUpdaterApp.swift in Sources */ = {isa = PBXBuildFile; fileRef = 9C9C837729E8B384002110F6 /* BaseballPlayerUpdaterApp.swift */; };
		9C9C837A29E8B384002110F6 /* ContentView.swift in Sources */ = {isa = PBXBuildFile; fileRef = 9C9C837929E8B384002110F6 /* ContentView.swift */; };
		9C9C837C29E8B385002110F6 /* Assets.xcassets in Resources */ = {isa = PBXBuildFile; fileRef = 9C9C837B29E8B385002110F6 /* Assets.xcassets */; };
		9C9C837F29E8B385002110F6 /* Preview Assets.xcassets in Resources */ = {isa = PBXBuildFile; fileRef = 9C9C837E29E8B385002110F6 /* Preview Assets.xcassets */; };
		9C9C838129E8B385002110F6 /* Persistence.swift in Sources */ = {isa = PBXBuildFile; fileRef = 9C9C838029E8B385002110F6 /* Persistence.swift */; };
		9C9C838429E8B385002110F6 /* BaseballPlayerUpdater.xcdatamodeld in Sources */ = {isa = PBXBuildFile; fileRef = 9C9C838229E8B385002110F6 /* BaseballPlayerUpdater.xcdatamodeld */; };
		9C9C838E29E8B386002110F6 /* BaseballPlayerUpdaterTests.swift in Sources */ = {isa = PBXBuildFile; fileRef = 9C9C838D29E8B386002110F6 /* BaseballPlayerUpdaterTests.swift */; };
		9C9C839829E8B386002110F6 /* BaseballPlayerUpdaterUITests.swift in Sources */ = {isa = PBXBuildFile; fileRef = 9C9C839729E8B386002110F6 /* BaseballPlayerUpdaterUITests.swift */; };
		9C9C839A29E8B386002110F6 /* BaseballPlayerUpdaterUITestsLaunchTests.swift in Sources */ = {isa = PBXBuildFile; fileRef = 9C9C839929E8B386002110F6 /* BaseballPlayerUpdaterUITestsLaunchTests.swift */; };
		9C9C83A729E8BB7A002110F6 /* Schedule.swift in Sources */ = {isa = PBXBuildFile; fileRef = 9C9C83A629E8BB7A002110F6 /* Schedule.swift */; };
		9C9C83A929E8FA5D002110F6 /* Links.swift in Sources */ = {isa = PBXBuildFile; fileRef = 9C9C83A829E8FA5D002110F6 /* Links.swift */; };
		9C9C83AE29E8FC57002110F6 /* ScheduleJSONStructure.json in Resources */ = {isa = PBXBuildFile; fileRef = 9C9C83AD29E8FC57002110F6 /* ScheduleJSONStructure.json */; };
		9C9C83B029E8FF17002110F6 /* ScheduleForDate.swift in Sources */ = {isa = PBXBuildFile; fileRef = 9C9C83AF29E8FF17002110F6 /* ScheduleForDate.swift */; };
		9C9C83B329E90776002110F6 /* Vin in Frameworks */ = {isa = PBXBuildFile; productRef = 9C9C83B229E90776002110F6 /* Vin */; };
		9C9C83B529E91B1B002110F6 /* SettingsView.swift in Sources */ = {isa = PBXBuildFile; fileRef = 9C9C83B429E91B1B002110F6 /* SettingsView.swift */; };
		9C9C83B729E91E21002110F6 /* MLBTeam.swift in Sources */ = {isa = PBXBuildFile; fileRef = 9C9C83B629E91E21002110F6 /* MLBTeam.swift */; };
		9C9C83B929E91EE0002110F6 /* ListOfTeams.swift in Sources */ = {isa = PBXBuildFile; fileRef = 9C9C83B829E91EE0002110F6 /* ListOfTeams.swift */; };
		9C9C83BB29E921B5002110F6 /* TeamDetailView.swift in Sources */ = {isa = PBXBuildFile; fileRef = 9C9C83BA29E921B5002110F6 /* TeamDetailView.swift */; };
		9C9C83BD29E9259D002110F6 /* TeamRoster.swift in Sources */ = {isa = PBXBuildFile; fileRef = 9C9C83BC29E9259D002110F6 /* TeamRoster.swift */; };
		9C9C83BF29E92682002110F6 /* TeamRosterView.swift in Sources */ = {isa = PBXBuildFile; fileRef = 9C9C83BE29E92682002110F6 /* TeamRosterView.swift */; };
/* End PBXBuildFile section */

/* Begin PBXContainerItemProxy section */
		9C9C838A29E8B386002110F6 /* PBXContainerItemProxy */ = {
			isa = PBXContainerItemProxy;
			containerPortal = 9C9C836C29E8B384002110F6 /* Project object */;
			proxyType = 1;
			remoteGlobalIDString = 9C9C837329E8B384002110F6;
			remoteInfo = BaseballPlayerUpdater;
		};
		9C9C839429E8B386002110F6 /* PBXContainerItemProxy */ = {
			isa = PBXContainerItemProxy;
			containerPortal = 9C9C836C29E8B384002110F6 /* Project object */;
			proxyType = 1;
			remoteGlobalIDString = 9C9C837329E8B384002110F6;
			remoteInfo = BaseballPlayerUpdater;
		};
/* End PBXContainerItemProxy section */

/* Begin PBXFileReference section */
		9C9C837429E8B384002110F6 /* BaseballPlayerUpdater.app */ = {isa = PBXFileReference; explicitFileType = wrapper.application; includeInIndex = 0; path = BaseballPlayerUpdater.app; sourceTree = BUILT_PRODUCTS_DIR; };
		9C9C837729E8B384002110F6 /* BaseballPlayerUpdaterApp.swift */ = {isa = PBXFileReference; lastKnownFileType = sourcecode.swift; path = BaseballPlayerUpdaterApp.swift; sourceTree = "<group>"; };
		9C9C837929E8B384002110F6 /* ContentView.swift */ = {isa = PBXFileReference; lastKnownFileType = sourcecode.swift; path = ContentView.swift; sourceTree = "<group>"; };
		9C9C837B29E8B385002110F6 /* Assets.xcassets */ = {isa = PBXFileReference; lastKnownFileType = folder.assetcatalog; path = Assets.xcassets; sourceTree = "<group>"; };
		9C9C837E29E8B385002110F6 /* Preview Assets.xcassets */ = {isa = PBXFileReference; lastKnownFileType = folder.assetcatalog; path = "Preview Assets.xcassets"; sourceTree = "<group>"; };
		9C9C838029E8B385002110F6 /* Persistence.swift */ = {isa = PBXFileReference; lastKnownFileType = sourcecode.swift; path = Persistence.swift; sourceTree = "<group>"; };
		9C9C838329E8B385002110F6 /* BaseballPlayerUpdater.xcdatamodel */ = {isa = PBXFileReference; lastKnownFileType = wrapper.xcdatamodel; path = BaseballPlayerUpdater.xcdatamodel; sourceTree = "<group>"; };
		9C9C838929E8B386002110F6 /* BaseballPlayerUpdaterTests.xctest */ = {isa = PBXFileReference; explicitFileType = wrapper.cfbundle; includeInIndex = 0; path = BaseballPlayerUpdaterTests.xctest; sourceTree = BUILT_PRODUCTS_DIR; };
		9C9C838D29E8B386002110F6 /* BaseballPlayerUpdaterTests.swift */ = {isa = PBXFileReference; lastKnownFileType = sourcecode.swift; path = BaseballPlayerUpdaterTests.swift; sourceTree = "<group>"; };
		9C9C839329E8B386002110F6 /* BaseballPlayerUpdaterUITests.xctest */ = {isa = PBXFileReference; explicitFileType = wrapper.cfbundle; includeInIndex = 0; path = BaseballPlayerUpdaterUITests.xctest; sourceTree = BUILT_PRODUCTS_DIR; };
		9C9C839729E8B386002110F6 /* BaseballPlayerUpdaterUITests.swift */ = {isa = PBXFileReference; lastKnownFileType = sourcecode.swift; path = BaseballPlayerUpdaterUITests.swift; sourceTree = "<group>"; };
		9C9C839929E8B386002110F6 /* BaseballPlayerUpdaterUITestsLaunchTests.swift */ = {isa = PBXFileReference; lastKnownFileType = sourcecode.swift; path = BaseballPlayerUpdaterUITestsLaunchTests.swift; sourceTree = "<group>"; };
		9C9C83A629E8BB7A002110F6 /* Schedule.swift */ = {isa = PBXFileReference; lastKnownFileType = sourcecode.swift; path = Schedule.swift; sourceTree = "<group>"; };
		9C9C83A829E8FA5D002110F6 /* Links.swift */ = {isa = PBXFileReference; lastKnownFileType = sourcecode.swift; path = Links.swift; sourceTree = "<group>"; };
		9C9C83AD29E8FC57002110F6 /* ScheduleJSONStructure.json */ = {isa = PBXFileReference; lastKnownFileType = text.json; path = ScheduleJSONStructure.json; sourceTree = "<group>"; };
		9C9C83AF29E8FF17002110F6 /* ScheduleForDate.swift */ = {isa = PBXFileReference; lastKnownFileType = sourcecode.swift; path = ScheduleForDate.swift; sourceTree = "<group>"; };
		9C9C83B429E91B1B002110F6 /* SettingsView.swift */ = {isa = PBXFileReference; lastKnownFileType = sourcecode.swift; path = SettingsView.swift; sourceTree = "<group>"; };
		9C9C83B629E91E21002110F6 /* MLBTeam.swift */ = {isa = PBXFileReference; lastKnownFileType = sourcecode.swift; path = MLBTeam.swift; sourceTree = "<group>"; };
		9C9C83B829E91EE0002110F6 /* ListOfTeams.swift */ = {isa = PBXFileReference; lastKnownFileType = sourcecode.swift; path = ListOfTeams.swift; sourceTree = "<group>"; };
		9C9C83BA29E921B5002110F6 /* TeamDetailView.swift */ = {isa = PBXFileReference; lastKnownFileType = sourcecode.swift; path = TeamDetailView.swift; sourceTree = "<group>"; };
		9C9C83BC29E9259D002110F6 /* TeamRoster.swift */ = {isa = PBXFileReference; lastKnownFileType = sourcecode.swift; path = TeamRoster.swift; sourceTree = "<group>"; };
		9C9C83BE29E92682002110F6 /* TeamRosterView.swift */ = {isa = PBXFileReference; lastKnownFileType = sourcecode.swift; path = TeamRosterView.swift; sourceTree = "<group>"; };
/* End PBXFileReference section */

/* Begin PBXFrameworksBuildPhase section */
		9C9C837129E8B384002110F6 /* Frameworks */ = {
			isa = PBXFrameworksBuildPhase;
			buildActionMask = 2147483647;
			files = (
				9C9C83B329E90776002110F6 /* Vin in Frameworks */,
			);
			runOnlyForDeploymentPostprocessing = 0;
		};
		9C9C838629E8B386002110F6 /* Frameworks */ = {
			isa = PBXFrameworksBuildPhase;
			buildActionMask = 2147483647;
			files = (
			);
			runOnlyForDeploymentPostprocessing = 0;
		};
		9C9C839029E8B386002110F6 /* Frameworks */ = {
			isa = PBXFrameworksBuildPhase;
			buildActionMask = 2147483647;
			files = (
			);
			runOnlyForDeploymentPostprocessing = 0;
		};
/* End PBXFrameworksBuildPhase section */

/* Begin PBXGroup section */
		9C9C836B29E8B384002110F6 = {
			isa = PBXGroup;
			children = (
				9C9C83BE29E92682002110F6 /* TeamRosterView.swift */,
				9C9C837629E8B384002110F6 /* BaseballPlayerUpdater */,
				9C9C838C29E8B386002110F6 /* BaseballPlayerUpdaterTests */,
				9C9C839629E8B386002110F6 /* BaseballPlayerUpdaterUITests */,
				9C9C837529E8B384002110F6 /* Products */,
			);
			sourceTree = "<group>";
		};
		9C9C837529E8B384002110F6 /* Products */ = {
			isa = PBXGroup;
			children = (
				9C9C837429E8B384002110F6 /* BaseballPlayerUpdater.app */,
				9C9C838929E8B386002110F6 /* BaseballPlayerUpdaterTests.xctest */,
				9C9C839329E8B386002110F6 /* BaseballPlayerUpdaterUITests.xctest */,
			);
			name = Products;
			sourceTree = "<group>";
		};
		9C9C837629E8B384002110F6 /* BaseballPlayerUpdater */ = {
			isa = PBXGroup;
			children = (
				9C9C837729E8B384002110F6 /* BaseballPlayerUpdaterApp.swift */,
				9C9C837929E8B384002110F6 /* ContentView.swift */,
				9C9C83B829E91EE0002110F6 /* ListOfTeams.swift */,
				9C9C83BC29E9259D002110F6 /* TeamRoster.swift */,
				9C9C83BA29E921B5002110F6 /* TeamDetailView.swift */,
				9C9C83B429E91B1B002110F6 /* SettingsView.swift */,
				9C9C83A829E8FA5D002110F6 /* Links.swift */,
				9C9C837B29E8B385002110F6 /* Assets.xcassets */,
				9C9C838029E8B385002110F6 /* Persistence.swift */,
				9C9C838229E8B385002110F6 /* BaseballPlayerUpdater.xcdatamodeld */,
				9C9C837D29E8B385002110F6 /* Preview Content */,
				9C9C83A629E8BB7A002110F6 /* Schedule.swift */,
				9C9C83AF29E8FF17002110F6 /* ScheduleForDate.swift */,
				9C9C83B629E91E21002110F6 /* MLBTeam.swift */,
				9C9C83AC29E8FC26002110F6 /* JSON Structures */,
			);
			path = BaseballPlayerUpdater;
			sourceTree = "<group>";
		};
		9C9C837D29E8B385002110F6 /* Preview Content */ = {
			isa = PBXGroup;
			children = (
				9C9C837E29E8B385002110F6 /* Preview Assets.xcassets */,
			);
			path = "Preview Content";
			sourceTree = "<group>";
		};
		9C9C838C29E8B386002110F6 /* BaseballPlayerUpdaterTests */ = {
			isa = PBXGroup;
			children = (
				9C9C838D29E8B386002110F6 /* BaseballPlayerUpdaterTests.swift */,
			);
			path = BaseballPlayerUpdaterTests;
			sourceTree = "<group>";
		};
		9C9C839629E8B386002110F6 /* BaseballPlayerUpdaterUITests */ = {
			isa = PBXGroup;
			children = (
				9C9C839729E8B386002110F6 /* BaseballPlayerUpdaterUITests.swift */,
				9C9C839929E8B386002110F6 /* BaseballPlayerUpdaterUITestsLaunchTests.swift */,
			);
			path = BaseballPlayerUpdaterUITests;
			sourceTree = "<group>";
		};
		9C9C83AC29E8FC26002110F6 /* JSON Structures */ = {
			isa = PBXGroup;
			children = (
				9C9C83AD29E8FC57002110F6 /* ScheduleJSONStructure.json */,
			);
			path = "JSON Structures";
			sourceTree = "<group>";
		};
/* End PBXGroup section */

/* Begin PBXNativeTarget section */
		9C9C837329E8B384002110F6 /* BaseballPlayerUpdater */ = {
			isa = PBXNativeTarget;
			buildConfigurationList = 9C9C839D29E8B386002110F6 /* Build configuration list for PBXNativeTarget "BaseballPlayerUpdater" */;
			buildPhases = (
				9C9C837029E8B384002110F6 /* Sources */,
				9C9C837129E8B384002110F6 /* Frameworks */,
				9C9C837229E8B384002110F6 /* Resources */,
			);
			buildRules = (
			);
			dependencies = (
			);
			name = BaseballPlayerUpdater;
			packageProductDependencies = (
				9C9C83B229E90776002110F6 /* Vin */,
			);
			productName = BaseballPlayerUpdater;
			productReference = 9C9C837429E8B384002110F6 /* BaseballPlayerUpdater.app */;
			productType = "com.apple.product-type.application";
		};
		9C9C838829E8B386002110F6 /* BaseballPlayerUpdaterTests */ = {
			isa = PBXNativeTarget;
			buildConfigurationList = 9C9C83A029E8B386002110F6 /* Build configuration list for PBXNativeTarget "BaseballPlayerUpdaterTests" */;
			buildPhases = (
				9C9C838529E8B386002110F6 /* Sources */,
				9C9C838629E8B386002110F6 /* Frameworks */,
				9C9C838729E8B386002110F6 /* Resources */,
			);
			buildRules = (
			);
			dependencies = (
				9C9C838B29E8B386002110F6 /* PBXTargetDependency */,
			);
			name = BaseballPlayerUpdaterTests;
			productName = BaseballPlayerUpdaterTests;
			productReference = 9C9C838929E8B386002110F6 /* BaseballPlayerUpdaterTests.xctest */;
			productType = "com.apple.product-type.bundle.unit-test";
		};
		9C9C839229E8B386002110F6 /* BaseballPlayerUpdaterUITests */ = {
			isa = PBXNativeTarget;
			buildConfigurationList = 9C9C83A329E8B386002110F6 /* Build configuration list for PBXNativeTarget "BaseballPlayerUpdaterUITests" */;
			buildPhases = (
				9C9C838F29E8B386002110F6 /* Sources */,
				9C9C839029E8B386002110F6 /* Frameworks */,
				9C9C839129E8B386002110F6 /* Resources */,
			);
			buildRules = (
			);
			dependencies = (
				9C9C839529E8B386002110F6 /* PBXTargetDependency */,
			);
			name = BaseballPlayerUpdaterUITests;
			productName = BaseballPlayerUpdaterUITests;
			productReference = 9C9C839329E8B386002110F6 /* BaseballPlayerUpdaterUITests.xctest */;
			productType = "com.apple.product-type.bundle.ui-testing";
		};
/* End PBXNativeTarget section */

/* Begin PBXProject section */
		9C9C836C29E8B384002110F6 /* Project object */ = {
			isa = PBXProject;
			attributes = {
				BuildIndependentTargetsInParallel = 1;
				LastSwiftUpdateCheck = 1430;
				LastUpgradeCheck = 1430;
				TargetAttributes = {
					9C9C837329E8B384002110F6 = {
						CreatedOnToolsVersion = 14.3;
					};
					9C9C838829E8B386002110F6 = {
						CreatedOnToolsVersion = 14.3;
						TestTargetID = 9C9C837329E8B384002110F6;
					};
					9C9C839229E8B386002110F6 = {
						CreatedOnToolsVersion = 14.3;
						TestTargetID = 9C9C837329E8B384002110F6;
					};
				};
			};
			buildConfigurationList = 9C9C836F29E8B384002110F6 /* Build configuration list for PBXProject "BaseballPlayerUpdater" */;
			compatibilityVersion = "Xcode 14.0";
			developmentRegion = en;
			hasScannedForEncodings = 0;
			knownRegions = (
				en,
				Base,
			);
			mainGroup = 9C9C836B29E8B384002110F6;
			packageReferences = (
				9C9C83B129E90776002110F6 /* XCRemoteSwiftPackageReference "VinPackage" */,
			);
			productRefGroup = 9C9C837529E8B384002110F6 /* Products */;
			projectDirPath = "";
			projectRoot = "";
			targets = (
				9C9C837329E8B384002110F6 /* BaseballPlayerUpdater */,
				9C9C838829E8B386002110F6 /* BaseballPlayerUpdaterTests */,
				9C9C839229E8B386002110F6 /* BaseballPlayerUpdaterUITests */,
			);
		};
/* End PBXProject section */

/* Begin PBXResourcesBuildPhase section */
		9C9C837229E8B384002110F6 /* Resources */ = {
			isa = PBXResourcesBuildPhase;
			buildActionMask = 2147483647;
			files = (
				9C9C837F29E8B385002110F6 /* Preview Assets.xcassets in Resources */,
				9C9C837C29E8B385002110F6 /* Assets.xcassets in Resources */,
				9C9C83AE29E8FC57002110F6 /* ScheduleJSONStructure.json in Resources */,
			);
			runOnlyForDeploymentPostprocessing = 0;
		};
		9C9C838729E8B386002110F6 /* Resources */ = {
			isa = PBXResourcesBuildPhase;
			buildActionMask = 2147483647;
			files = (
			);
			runOnlyForDeploymentPostprocessing = 0;
		};
		9C9C839129E8B386002110F6 /* Resources */ = {
			isa = PBXResourcesBuildPhase;
			buildActionMask = 2147483647;
			files = (
			);
			runOnlyForDeploymentPostprocessing = 0;
		};
/* End PBXResourcesBuildPhase section */

/* Begin PBXSourcesBuildPhase section */
		9C9C837029E8B384002110F6 /* Sources */ = {
			isa = PBXSourcesBuildPhase;
			buildActionMask = 2147483647;
			files = (
				9C9C838129E8B385002110F6 /* Persistence.swift in Sources */,
				9C9C83B529E91B1B002110F6 /* SettingsView.swift in Sources */,
				9C9C83A929E8FA5D002110F6 /* Links.swift in Sources */,
				9C9C83BF29E92682002110F6 /* TeamRosterView.swift in Sources */,
				9C9C83B029E8FF17002110F6 /* ScheduleForDate.swift in Sources */,
				9C9C83B729E91E21002110F6 /* MLBTeam.swift in Sources */,
				9C9C83BD29E9259D002110F6 /* TeamRoster.swift in Sources */,
				9C9C83BB29E921B5002110F6 /* TeamDetailView.swift in Sources */,
				9C9C837A29E8B384002110F6 /* ContentView.swift in Sources */,
				9C9C838429E8B385002110F6 /* BaseballPlayerUpdater.xcdatamodeld in Sources */,
				9C9C83A729E8BB7A002110F6 /* Schedule.swift in Sources */,
				9C9C837829E8B384002110F6 /* BaseballPlayerUpdaterApp.swift in Sources */,
				9C9C83B929E91EE0002110F6 /* ListOfTeams.swift in Sources */,
			);
			runOnlyForDeploymentPostprocessing = 0;
		};
		9C9C838529E8B386002110F6 /* Sources */ = {
			isa = PBXSourcesBuildPhase;
			buildActionMask = 2147483647;
			files = (
				9C9C838E29E8B386002110F6 /* BaseballPlayerUpdaterTests.swift in Sources */,
			);
			runOnlyForDeploymentPostprocessing = 0;
		};
		9C9C838F29E8B386002110F6 /* Sources */ = {
			isa = PBXSourcesBuildPhase;
			buildActionMask = 2147483647;
			files = (
				9C9C839829E8B386002110F6 /* BaseballPlayerUpdaterUITests.swift in Sources */,
				9C9C839A29E8B386002110F6 /* BaseballPlayerUpdaterUITestsLaunchTests.swift in Sources */,
			);
			runOnlyForDeploymentPostprocessing = 0;
		};
/* End PBXSourcesBuildPhase section */

/* Begin PBXTargetDependency section */
		9C9C838B29E8B386002110F6 /* PBXTargetDependency */ = {
			isa = PBXTargetDependency;
			target = 9C9C837329E8B384002110F6 /* BaseballPlayerUpdater */;
			targetProxy = 9C9C838A29E8B386002110F6 /* PBXContainerItemProxy */;
		};
		9C9C839529E8B386002110F6 /* PBXTargetDependency */ = {
			isa = PBXTargetDependency;
			target = 9C9C837329E8B384002110F6 /* BaseballPlayerUpdater */;
			targetProxy = 9C9C839429E8B386002110F6 /* PBXContainerItemProxy */;
		};
/* End PBXTargetDependency section */

/* Begin XCBuildConfiguration section */
		9C9C839B29E8B386002110F6 /* Debug */ = {
			isa = XCBuildConfiguration;
			buildSettings = {
				ALWAYS_SEARCH_USER_PATHS = NO;
				CLANG_ANALYZER_NONNULL = YES;
				CLANG_ANALYZER_NUMBER_OBJECT_CONVERSION = YES_AGGRESSIVE;
				CLANG_CXX_LANGUAGE_STANDARD = "gnu++20";
				CLANG_ENABLE_MODULES = YES;
				CLANG_ENABLE_OBJC_ARC = YES;
				CLANG_ENABLE_OBJC_WEAK = YES;
				CLANG_WARN_BLOCK_CAPTURE_AUTORELEASING = YES;
				CLANG_WARN_BOOL_CONVERSION = YES;
				CLANG_WARN_COMMA = YES;
				CLANG_WARN_CONSTANT_CONVERSION = YES;
				CLANG_WARN_DEPRECATED_OBJC_IMPLEMENTATIONS = YES;
				CLANG_WARN_DIRECT_OBJC_ISA_USAGE = YES_ERROR;
				CLANG_WARN_DOCUMENTATION_COMMENTS = YES;
				CLANG_WARN_EMPTY_BODY = YES;
				CLANG_WARN_ENUM_CONVERSION = YES;
				CLANG_WARN_INFINITE_RECURSION = YES;
				CLANG_WARN_INT_CONVERSION = YES;
				CLANG_WARN_NON_LITERAL_NULL_CONVERSION = YES;
				CLANG_WARN_OBJC_IMPLICIT_RETAIN_SELF = YES;
				CLANG_WARN_OBJC_LITERAL_CONVERSION = YES;
				CLANG_WARN_OBJC_ROOT_CLASS = YES_ERROR;
				CLANG_WARN_QUOTED_INCLUDE_IN_FRAMEWORK_HEADER = YES;
				CLANG_WARN_RANGE_LOOP_ANALYSIS = YES;
				CLANG_WARN_STRICT_PROTOTYPES = YES;
				CLANG_WARN_SUSPICIOUS_MOVE = YES;
				CLANG_WARN_UNGUARDED_AVAILABILITY = YES_AGGRESSIVE;
				CLANG_WARN_UNREACHABLE_CODE = YES;
				CLANG_WARN__DUPLICATE_METHOD_MATCH = YES;
				COPY_PHASE_STRIP = NO;
				DEBUG_INFORMATION_FORMAT = dwarf;
				ENABLE_STRICT_OBJC_MSGSEND = YES;
				ENABLE_TESTABILITY = YES;
				GCC_C_LANGUAGE_STANDARD = gnu11;
				GCC_DYNAMIC_NO_PIC = NO;
				GCC_NO_COMMON_BLOCKS = YES;
				GCC_OPTIMIZATION_LEVEL = 0;
				GCC_PREPROCESSOR_DEFINITIONS = (
					"DEBUG=1",
					"$(inherited)",
				);
				GCC_WARN_64_TO_32_BIT_CONVERSION = YES;
				GCC_WARN_ABOUT_RETURN_TYPE = YES_ERROR;
				GCC_WARN_UNDECLARED_SELECTOR = YES;
				GCC_WARN_UNINITIALIZED_AUTOS = YES_AGGRESSIVE;
				GCC_WARN_UNUSED_FUNCTION = YES;
				GCC_WARN_UNUSED_VARIABLE = YES;
				IPHONEOS_DEPLOYMENT_TARGET = 16.4;
				MTL_ENABLE_DEBUG_INFO = INCLUDE_SOURCE;
				MTL_FAST_MATH = YES;
				ONLY_ACTIVE_ARCH = YES;
				SDKROOT = iphoneos;
				SWIFT_ACTIVE_COMPILATION_CONDITIONS = DEBUG;
				SWIFT_OPTIMIZATION_LEVEL = "-Onone";
			};
			name = Debug;
		};
		9C9C839C29E8B386002110F6 /* Release */ = {
			isa = XCBuildConfiguration;
			buildSettings = {
				ALWAYS_SEARCH_USER_PATHS = NO;
				CLANG_ANALYZER_NONNULL = YES;
				CLANG_ANALYZER_NUMBER_OBJECT_CONVERSION = YES_AGGRESSIVE;
				CLANG_CXX_LANGUAGE_STANDARD = "gnu++20";
				CLANG_ENABLE_MODULES = YES;
				CLANG_ENABLE_OBJC_ARC = YES;
				CLANG_ENABLE_OBJC_WEAK = YES;
				CLANG_WARN_BLOCK_CAPTURE_AUTORELEASING = YES;
				CLANG_WARN_BOOL_CONVERSION = YES;
				CLANG_WARN_COMMA = YES;
				CLANG_WARN_CONSTANT_CONVERSION = YES;
				CLANG_WARN_DEPRECATED_OBJC_IMPLEMENTATIONS = YES;
				CLANG_WARN_DIRECT_OBJC_ISA_USAGE = YES_ERROR;
				CLANG_WARN_DOCUMENTATION_COMMENTS = YES;
				CLANG_WARN_EMPTY_BODY = YES;
				CLANG_WARN_ENUM_CONVERSION = YES;
				CLANG_WARN_INFINITE_RECURSION = YES;
				CLANG_WARN_INT_CONVERSION = YES;
				CLANG_WARN_NON_LITERAL_NULL_CONVERSION = YES;
				CLANG_WARN_OBJC_IMPLICIT_RETAIN_SELF = YES;
				CLANG_WARN_OBJC_LITERAL_CONVERSION = YES;
				CLANG_WARN_OBJC_ROOT_CLASS = YES_ERROR;
				CLANG_WARN_QUOTED_INCLUDE_IN_FRAMEWORK_HEADER = YES;
				CLANG_WARN_RANGE_LOOP_ANALYSIS = YES;
				CLANG_WARN_STRICT_PROTOTYPES = YES;
				CLANG_WARN_SUSPICIOUS_MOVE = YES;
				CLANG_WARN_UNGUARDED_AVAILABILITY = YES_AGGRESSIVE;
				CLANG_WARN_UNREACHABLE_CODE = YES;
				CLANG_WARN__DUPLICATE_METHOD_MATCH = YES;
				COPY_PHASE_STRIP = NO;
				DEBUG_INFORMATION_FORMAT = "dwarf-with-dsym";
				ENABLE_NS_ASSERTIONS = NO;
				ENABLE_STRICT_OBJC_MSGSEND = YES;
				GCC_C_LANGUAGE_STANDARD = gnu11;
				GCC_NO_COMMON_BLOCKS = YES;
				GCC_WARN_64_TO_32_BIT_CONVERSION = YES;
				GCC_WARN_ABOUT_RETURN_TYPE = YES_ERROR;
				GCC_WARN_UNDECLARED_SELECTOR = YES;
				GCC_WARN_UNINITIALIZED_AUTOS = YES_AGGRESSIVE;
				GCC_WARN_UNUSED_FUNCTION = YES;
				GCC_WARN_UNUSED_VARIABLE = YES;
				IPHONEOS_DEPLOYMENT_TARGET = 16.4;
				MTL_ENABLE_DEBUG_INFO = NO;
				MTL_FAST_MATH = YES;
				SDKROOT = iphoneos;
				SWIFT_COMPILATION_MODE = wholemodule;
				SWIFT_OPTIMIZATION_LEVEL = "-O";
				VALIDATE_PRODUCT = YES;
			};
			name = Release;
		};
		9C9C839E29E8B386002110F6 /* Debug */ = {
			isa = XCBuildConfiguration;
			buildSettings = {
				ASSETCATALOG_COMPILER_APPICON_NAME = AppIcon;
				ASSETCATALOG_COMPILER_GLOBAL_ACCENT_COLOR_NAME = AccentColor;
				CODE_SIGN_STYLE = Automatic;
				CURRENT_PROJECT_VERSION = 1;
				DEVELOPMENT_ASSET_PATHS = "\"BaseballPlayerUpdater/Preview Content\"";
				DEVELOPMENT_TEAM = KR268MWQL4;
				ENABLE_PREVIEWS = YES;
				GENERATE_INFOPLIST_FILE = YES;
				INFOPLIST_KEY_UIApplicationSceneManifest_Generation = YES;
				INFOPLIST_KEY_UIApplicationSupportsIndirectInputEvents = YES;
				INFOPLIST_KEY_UILaunchScreen_Generation = YES;
				INFOPLIST_KEY_UISupportedInterfaceOrientations_iPad = "UIInterfaceOrientationPortrait UIInterfaceOrientationPortraitUpsideDown UIInterfaceOrientationLandscapeLeft UIInterfaceOrientationLandscapeRight";
				INFOPLIST_KEY_UISupportedInterfaceOrientations_iPhone = "UIInterfaceOrientationPortrait UIInterfaceOrientationLandscapeLeft UIInterfaceOrientationLandscapeRight";
				LD_RUNPATH_SEARCH_PATHS = (
					"$(inherited)",
					"@executable_path/Frameworks",
				);
				MARKETING_VERSION = 1.0;
				PRODUCT_BUNDLE_IDENTIFIER = vin.BaseballPlayerUpdater;
				PRODUCT_NAME = "$(TARGET_NAME)";
				SWIFT_EMIT_LOC_STRINGS = YES;
				SWIFT_VERSION = 5.0;
				TARGETED_DEVICE_FAMILY = "1,2";
			};
			name = Debug;
		};
		9C9C839F29E8B386002110F6 /* Release */ = {
			isa = XCBuildConfiguration;
			buildSettings = {
				ASSETCATALOG_COMPILER_APPICON_NAME = AppIcon;
				ASSETCATALOG_COMPILER_GLOBAL_ACCENT_COLOR_NAME = AccentColor;
				CODE_SIGN_STYLE = Automatic;
				CURRENT_PROJECT_VERSION = 1;
				DEVELOPMENT_ASSET_PATHS = "\"BaseballPlayerUpdater/Preview Content\"";
				DEVELOPMENT_TEAM = KR268MWQL4;
				ENABLE_PREVIEWS = YES;
				GENERATE_INFOPLIST_FILE = YES;
				INFOPLIST_KEY_UIApplicationSceneManifest_Generation = YES;
				INFOPLIST_KEY_UIApplicationSupportsIndirectInputEvents = YES;
				INFOPLIST_KEY_UILaunchScreen_Generation = YES;
				INFOPLIST_KEY_UISupportedInterfaceOrientations_iPad = "UIInterfaceOrientationPortrait UIInterfaceOrientationPortraitUpsideDown UIInterfaceOrientationLandscapeLeft UIInterfaceOrientationLandscapeRight";
				INFOPLIST_KEY_UISupportedInterfaceOrientations_iPhone = "UIInterfaceOrientationPortrait UIInterfaceOrientationLandscapeLeft UIInterfaceOrientationLandscapeRight";
				LD_RUNPATH_SEARCH_PATHS = (
					"$(inherited)",
					"@executable_path/Frameworks",
				);
				MARKETING_VERSION = 1.0;
				PRODUCT_BUNDLE_IDENTIFIER = vin.BaseballPlayerUpdater;
				PRODUCT_NAME = "$(TARGET_NAME)";
				SWIFT_EMIT_LOC_STRINGS = YES;
				SWIFT_VERSION = 5.0;
				TARGETED_DEVICE_FAMILY = "1,2";
			};
			name = Release;
		};
		9C9C83A129E8B386002110F6 /* Debug */ = {
			isa = XCBuildConfiguration;
			buildSettings = {
				ALWAYS_EMBED_SWIFT_STANDARD_LIBRARIES = YES;
				BUNDLE_LOADER = "$(TEST_HOST)";
				CODE_SIGN_STYLE = Automatic;
				CURRENT_PROJECT_VERSION = 1;
				DEVELOPMENT_TEAM = KR268MWQL4;
				GENERATE_INFOPLIST_FILE = YES;
				IPHONEOS_DEPLOYMENT_TARGET = 16.4;
				MARKETING_VERSION = 1.0;
				PRODUCT_BUNDLE_IDENTIFIER = vin.BaseballPlayerUpdaterTests;
				PRODUCT_NAME = "$(TARGET_NAME)";
				SWIFT_EMIT_LOC_STRINGS = NO;
				SWIFT_VERSION = 5.0;
				TARGETED_DEVICE_FAMILY = "1,2";
				TEST_HOST = "$(BUILT_PRODUCTS_DIR)/BaseballPlayerUpdater.app/$(BUNDLE_EXECUTABLE_FOLDER_PATH)/BaseballPlayerUpdater";
			};
			name = Debug;
		};
		9C9C83A229E8B386002110F6 /* Release */ = {
			isa = XCBuildConfiguration;
			buildSettings = {
				ALWAYS_EMBED_SWIFT_STANDARD_LIBRARIES = YES;
				BUNDLE_LOADER = "$(TEST_HOST)";
				CODE_SIGN_STYLE = Automatic;
				CURRENT_PROJECT_VERSION = 1;
				DEVELOPMENT_TEAM = KR268MWQL4;
				GENERATE_INFOPLIST_FILE = YES;
				IPHONEOS_DEPLOYMENT_TARGET = 16.4;
				MARKETING_VERSION = 1.0;
				PRODUCT_BUNDLE_IDENTIFIER = vin.BaseballPlayerUpdaterTests;
				PRODUCT_NAME = "$(TARGET_NAME)";
				SWIFT_EMIT_LOC_STRINGS = NO;
				SWIFT_VERSION = 5.0;
				TARGETED_DEVICE_FAMILY = "1,2";
				TEST_HOST = "$(BUILT_PRODUCTS_DIR)/BaseballPlayerUpdater.app/$(BUNDLE_EXECUTABLE_FOLDER_PATH)/BaseballPlayerUpdater";
			};
			name = Release;
		};
		9C9C83A429E8B386002110F6 /* Debug */ = {
			isa = XCBuildConfiguration;
			buildSettings = {
				ALWAYS_EMBED_SWIFT_STANDARD_LIBRARIES = YES;
				CODE_SIGN_STYLE = Automatic;
				CURRENT_PROJECT_VERSION = 1;
				DEVELOPMENT_TEAM = KR268MWQL4;
				GENERATE_INFOPLIST_FILE = YES;
				MARKETING_VERSION = 1.0;
				PRODUCT_BUNDLE_IDENTIFIER = vin.BaseballPlayerUpdaterUITests;
				PRODUCT_NAME = "$(TARGET_NAME)";
				SWIFT_EMIT_LOC_STRINGS = NO;
				SWIFT_VERSION = 5.0;
				TARGETED_DEVICE_FAMILY = "1,2";
				TEST_TARGET_NAME = BaseballPlayerUpdater;
			};
			name = Debug;
		};
		9C9C83A529E8B386002110F6 /* Release */ = {
			isa = XCBuildConfiguration;
			buildSettings = {
				ALWAYS_EMBED_SWIFT_STANDARD_LIBRARIES = YES;
				CODE_SIGN_STYLE = Automatic;
				CURRENT_PROJECT_VERSION = 1;
				DEVELOPMENT_TEAM = KR268MWQL4;
				GENERATE_INFOPLIST_FILE = YES;
				MARKETING_VERSION = 1.0;
				PRODUCT_BUNDLE_IDENTIFIER = vin.BaseballPlayerUpdaterUITests;
				PRODUCT_NAME = "$(TARGET_NAME)";
				SWIFT_EMIT_LOC_STRINGS = NO;
				SWIFT_VERSION = 5.0;
				TARGETED_DEVICE_FAMILY = "1,2";
				TEST_TARGET_NAME = BaseballPlayerUpdater;
			};
			name = Release;
		};
/* End XCBuildConfiguration section */

/* Begin XCConfigurationList section */
		9C9C836F29E8B384002110F6 /* Build configuration list for PBXProject "BaseballPlayerUpdater" */ = {
			isa = XCConfigurationList;
			buildConfigurations = (
				9C9C839B29E8B386002110F6 /* Debug */,
				9C9C839C29E8B386002110F6 /* Release */,
			);
			defaultConfigurationIsVisible = 0;
			defaultConfigurationName = Release;
		};
		9C9C839D29E8B386002110F6 /* Build configuration list for PBXNativeTarget "BaseballPlayerUpdater" */ = {
			isa = XCConfigurationList;
			buildConfigurations = (
				9C9C839E29E8B386002110F6 /* Debug */,
				9C9C839F29E8B386002110F6 /* Release */,
			);
			defaultConfigurationIsVisible = 0;
			defaultConfigurationName = Release;
		};
		9C9C83A029E8B386002110F6 /* Build configuration list for PBXNativeTarget "BaseballPlayerUpdaterTests" */ = {
			isa = XCConfigurationList;
			buildConfigurations = (
				9C9C83A129E8B386002110F6 /* Debug */,
				9C9C83A229E8B386002110F6 /* Release */,
			);
			defaultConfigurationIsVisible = 0;
			defaultConfigurationName = Release;
		};
		9C9C83A329E8B386002110F6 /* Build configuration list for PBXNativeTarget "BaseballPlayerUpdaterUITests" */ = {
			isa = XCConfigurationList;
			buildConfigurations = (
				9C9C83A429E8B386002110F6 /* Debug */,
				9C9C83A529E8B386002110F6 /* Release */,
			);
			defaultConfigurationIsVisible = 0;
			defaultConfigurationName = Release;
		};
/* End XCConfigurationList section */

/* Begin XCRemoteSwiftPackageReference section */
		9C9C83B129E90776002110F6 /* XCRemoteSwiftPackageReference "VinPackage" */ = {
			isa = XCRemoteSwiftPackageReference;
			repositoryURL = "https://github.com/vdeaugustine/VinPackage";
			requirement = {
				kind = upToNextMajorVersion;
				minimumVersion = 1.0.0;
			};
		};
/* End XCRemoteSwiftPackageReference section */

/* Begin XCSwiftPackageProductDependency section */
		9C9C83B229E90776002110F6 /* Vin */ = {
			isa = XCSwiftPackageProductDependency;
			package = 9C9C83B129E90776002110F6 /* XCRemoteSwiftPackageReference "VinPackage" */;
			productName = Vin;
		};
/* End XCSwiftPackageProductDependency section */

/* Begin XCVersionGroup section */
		9C9C838229E8B385002110F6 /* BaseballPlayerUpdater.xcdatamodeld */ = {
			isa = XCVersionGroup;
			children = (
				9C9C838329E8B385002110F6 /* BaseballPlayerUpdater.xcdatamodel */,
			);
			currentVersion = 9C9C838329E8B385002110F6 /* BaseballPlayerUpdater.xcdatamodel */;
			path = BaseballPlayerUpdater.xcdatamodeld;
			sourceTree = "<group>";
			versionGroupType = wrapper.xcdatamodel;
		};
/* End XCVersionGroup section */
	};
	rootObject = 9C9C836C29E8B384002110F6 /* Project object */;
}
