{
  "pins" : [
    {
      "identity" : "vinpackage",
      "kind" : "remoteSourceControl",
      "location" : "https://github.com/vdeaugustine/VinPackage",
      "state" : {
        "revision" : "78e0622e73b40aceec8eb32e0e6afd94a0c8d28b",
        "version" : "1.1.11"
      }
    }
  ],
  "version" : 2
}
