{
  "pins" : [
    {
      "identity" : "vinpackage",
      "kind" : "remoteSourceControl",
      "location" : "https://github.com/vdeaugustine/VinPackage",
      "state" : {
        "revision" : "abd1995c9e85e7b497f04921ac7254b71ad4859e",
        "version" : "1.0.3"
      }
    }
  ],
  "version" : 2
}
